
Microsoft Visual Studio Solution File, Format Version 12.00
# Visual Studio Version 16
VisualStudioVersion = 16.0.31729.503
MinimumVisualStudioVersion = 10.0.40219.1
Project("{FAE04EC0-301F-11D3-BF4B-00C04F79EFBC}") = "Task15_II_10", "Task15_II_10\Task15_II_10.csproj", "{471AE9F7-9643-4657-97B5-79136988A092}"
EndProject
Global
	GlobalSection(SolutionConfigurationPlatforms) = preSolution
		Debug|Any CPU = Debug|Any CPU
		Release|Any CPU = Release|Any CPU
	EndGlobalSection
	GlobalSection(ProjectConfigurationPlatforms) = postSolution
		{471AE9F7-9643-4657-97B5-79136988A092}.Debug|Any CPU.ActiveCfg = Debug|Any CPU
		{471AE9F7-9643-4657-97B5-79136988A092}.Debug|Any CPU.Build.0 = Debug|Any CPU
		{471AE9F7-9643-4657-97B5-79136988A092}.Release|Any CPU.ActiveCfg = Release|Any CPU
		{471AE9F7-9643-4657-97B5-79136988A092}.Release|Any CPU.Build.0 = Release|Any CPU
	EndGlobalSection
	GlobalSection(SolutionProperties) = preSolution
		HideSolutionNode = FALSE
	EndGlobalSection
	GlobalSection(ExtensibilityGlobals) = postSolution
		SolutionGuid = {35054A2A-A0FA-424F-B107-64271FC2BD07}
	EndGlobalSection
EndGlobal
